
Microsoft Visual Studio Solution File, Format Version 12.00
# Visual Studio Version 16
VisualStudioVersion = 16.0.30011.22
MinimumVisualStudioVersion = 10.0.40219.1
Project("{FAE04EC0-301F-11D3-BF4B-00C04F79EFBC}") = "oop-lesson-4-parking", "oop-lesson-4-parking\oop-lesson-4-parking.csproj", "{A83488BE-8F98-4437-9825-C22208B70700}"
EndProject
Global
	GlobalSection(SolutionConfigurationPlatforms) = preSolution
		Debug|Any CPU = Debug|Any CPU
		Release|Any CPU = Release|Any CPU
	EndGlobalSection
	GlobalSection(ProjectConfigurationPlatforms) = postSolution
		{A83488BE-8F98-4437-9825-C22208B70700}.Debug|Any CPU.ActiveCfg = Debug|Any CPU
		{A83488BE-8F98-4437-9825-C22208B70700}.Debug|Any CPU.Build.0 = Debug|Any CPU
		{A83488BE-8F98-4437-9825-C22208B70700}.Release|Any CPU.ActiveCfg = Release|Any CPU
		{A83488BE-8F98-4437-9825-C22208B70700}.Release|Any CPU.Build.0 = Release|Any CPU
	EndGlobalSection
	GlobalSection(SolutionProperties) = preSolution
		HideSolutionNode = FALSE
	EndGlobalSection
	GlobalSection(ExtensibilityGlobals) = postSolution
		SolutionGuid = {9EA90E51-6121-4B4D-AA86-33C5FCA3D496}
	EndGlobalSection
EndGlobal
